<?xml version="1.0" encoding="utf-8"?>
<Project ToolsVersion="4.0" xmlns="http://schemas.microsoft.com/developer/msbuild/2003">
  <ItemGroup>
    <ClCompile Include="src\ExoEngine\Input\Input.cpp" />
    <ClCompile Include="src\empch.cpp" />
    <ClCompile Include="src\ExoEngine\Log.cpp" />
    <ClCompile Include="src\ExoEngine\Application.cpp" />
    <ClCompile Include="src\Platform\Graphics\VertexBuffer.cpp" />
    <ClCompile Include="src\Platform\Window\Window.cpp" />
    <ClCompile Include="src\Platform\Graphics\Shader.cpp" />
    <ClCompile Include="src\ExoEngine\Math\matrix3D.cpp" />
    <ClCompile Include="src\ExoEngine\Math\physics.cpp" />
    <ClCompile Include="src\ExoEngine\Math\Vmath.cpp" />
    <ClCompile Include="vendor\imgui\imgui.cpp" />
    <ClCompile Include="vendor\imgui\imgui_demo.cpp" />
    <ClCompile Include="vendor\imgui\imgui_draw.cpp" />
    <ClCompile Include="vendor\imgui\imgui_impl_glfw.cpp" />
    <ClCompile Include="vendor\imgui\imgui_impl_opengl3.cpp" />
    <ClCompile Include="vendor\imgui\imgui_tables.cpp" />
    <ClCompile Include="vendor\imgui\imgui_widgets.cpp" />
    <ClCompile Include="src\Platform\Graphics\Texture.cpp" />
    <ClCompile Include="vendor\stb_image\stb_image.cpp" />
    <ClCompile Include="src\Serialization\JSONserialization.cpp" />
    <ClCompile Include="vendor\imgui\imgui.cpp" />
    <ClCompile Include="vendor\imgui\imgui_demo.cpp" />
    <ClCompile Include="vendor\imgui\imgui_draw.cpp" />
    <ClCompile Include="vendor\imgui\imgui_impl_glfw.cpp" />
    <ClCompile Include="vendor\imgui\imgui_impl_opengl3.cpp" />
    <ClCompile Include="vendor\imgui\imgui_tables.cpp" />
    <ClCompile Include="vendor\imgui\imgui_widgets.cpp" />
    <ClCompile Include="src\Platform\LevelEditor\LevelEditor.cpp" />
    <ClCompile Include="src\ExoEngine\ECS\Components\Components.cpp" />
    <ClCompile Include="src\ExoEngine\ResourceManager\ResourceManager.cpp" />
    <ClCompile Include="src\ExoEngine\Timer\Time.cpp" />
    <ClCompile Include="src\Platform\Graphics\Renderer.cpp" />
    <ClCompile Include="src\Platform\Graphics\VertexArray.cpp" />
    <ClCompile Include="src\Platform\Graphics\Buffer.cpp" />
    <ClCompile Include="src\Platform\Graphics\Camera2D.cpp" />
    <ClCompile Include="src\Platform\Graphics\Graphics.cpp" />
    <ClCompile Include="src\ExoEngine\Math\matrix4x4.cpp" />
    <ClCompile Include="src\ExoEngine\Math\Vec3.cpp" />
    <ClCompile Include="src\Platform\Graphics\TextRendering.cpp" />
    <ClCompile Include="src\Platform\Graphics\FrameBuffer.cpp" />
    <ClCompile Include="src\ExoEngine\Audio\AudioEngine.cpp" />
    <ClCompile Include="src\Platform\Physics\CollisionSystem.cpp" />
    <ClCompile Include="src\Platform\Physics\PhysicsSystem.cpp" />
    <ClCompile Include="src\ExoEngine\ECS\SceneManager.cpp" />
    <ClCompile Include="src\ExoEngine\Audio\AudioEngine.cpp" />
    <ClCompile Include="src\Platform\Graphics\SpriteRendering.cpp" />
    <ClCompile Include="src\ExoEngine\ECS\Components\Transform.cpp" />
    <ClCompile Include="src\ExoEngine\ECS\Components\RigidBody.cpp" />
    <ClCompile Include="src\ExoEngine\ECS\Components\WinData.cpp" />
    <ClCompile Include="src\ExoEngine\ECS\Components\Collider.cpp" />
    <ClCompile Include="src\ExoEngine\ECS\Components\NameTag.cpp" />
    <ClCompile Include="src\ExoEngine\ECS\Components\Sprite.cpp" />
    <ClCompile Include="src\Platform\Logic\LogicSystem.cpp" />
    <ClCompile Include="src\ExoEngine\ECS\Components\Logic.cpp" />
    <ClCompile Include="src\ExoEngine\ECS\Components\Tag.cpp" />
    <ClCompile Include="vendor\imgui\ImGuizmo.cpp" />
    <ClCompile Include="src\ExoEngine\GUI\GUI.cpp" />
    <ClCompile Include="src\ExoEngine\ECS\Components\Audio.cpp" />
    <ClCompile Include="src\ExoEngine\Scripts\CollisionResponse.cpp" />
    <ClCompile Include="src\ExoEngine\Animation\Animation.cpp" />
    <ClCompile Include="src\ExoEngine\ECS\Components\CameraComponent.cpp" />
    <ClCompile Include="src\Platform\LevelEditor\Picker.cpp" />
    <ClCompile Include="src\ExoEngine\Math\Vec4.cpp" />
    <ClCompile Include="src\ExoEngine\ECS\Components\HUDComponent.cpp" />
    <ClCompile Include="src\ExoEngine\Scripts\HUDController.cpp" />
    <ClCompile Include="src\ExoEngine\Scripts\ScenerioScript.cpp" />
    <ClCompile Include="src\ExoEngine\Scripts\ButtonResponse.cpp" />
    <ClCompile Include="src\ExoEngine\Scripts\AudioManager.cpp" />
    <ClCompile Include="src\Platform\Logic\StateMachines\StateMachine.cpp" />
    <ClCompile Include="src\Platform\Logic\States\PlayerStates\OnIdle.cpp" />
    <ClCompile Include="src\Platform\Logic\States\PlayerStates\OnMove.cpp" />
    <ClCompile Include="src\Platform\Logic\States\PlayerStates\OnDash.cpp" />
    <ClCompile Include="src\Platform\Logic\States\PlayerStates\OnBlock.cpp" />
    <ClCompile Include="src\Platform\Logic\States\PlayerStates\OnAttack_1.cpp" />
    <ClCompile Include="src\ExoEngine\ECS\Components\PlayerAttributes.cpp" />
    <ClCompile Include="src\ExoEngine\Scripts\DialogueManager.cpp" />
    <ClCompile Include="src\ExoEngine\Scripts\GateController.cpp" />
    <ClCompile Include="src\ExoEngine\Scripts\LaserTurret.cpp" />
    <ClCompile Include="src\ExoEngine\ECS\Components\Attributes.cpp" />
    <ClCompile Include="src\Platform\Logic\States\PlayerStates\OnDamaged.cpp" />
    <ClCompile Include="src\Platform\Logic\States\PlayerStates\OnDieded.cpp" />
    <ClCompile Include="src\Platform\Logic\States\EnemyStates\EnemyAttack.cpp" />
    <ClCompile Include="src\Platform\Logic\States\EnemyStates\EnemyChase.cpp" />
    <ClCompile Include="src\Platform\Logic\States\EnemyStates\EnemyDeath.cpp" />
    <ClCompile Include="src\Platform\Logic\States\EnemyStates\EnemyIdle.cpp" />
    <ClCompile Include="src\ExoEngine\ECS\Components\EnemyAttributes.cpp" />
    <ClCompile Include="src\Platform\Logic\States\EnemyStates\EnemyNotActive.cpp" />
    <ClCompile Include="src\Platform\Logic\States\EnemyStates\EnemyDamaged.cpp" />
    <ClCompile Include="src\Platform\Logic\States\EnemyStates\EnemyTransition.cpp" />
    <ClCompile Include="src\Platform\Logic\States\EnemyStates\EnemyRetreat.cpp" />
  </ItemGroup>
  <ItemGroup>
    <ClInclude Include="src\ExoEngine\Input\Input.h" />
    <ClInclude Include="src\empch.h" />
    <ClInclude Include="src\ExoEngine\EntryPoint.h" />
    <ClInclude Include="src\ExoEngine\Log.h" />
    <ClInclude Include="src\ExoEngine.h" />
    <ClInclude Include="src\ExoEngine\Application.h" />
    <ClInclude Include="src\ExoEngine\Core.h" />
    <ClInclude Include="src\Platform\System\System.h" />
    <ClInclude Include="src\Platform\Window\Window.h" />
    <ClInclude Include="src\Platform\Graphics\VertexBuffer.h" />
    <ClInclude Include="src\Platform\Graphics\Shader.h" />
    <ClInclude Include="src\Platform\Graphics\Graphics.h" />
    <ClInclude Include="src\Platform\System\SystemManager.h" />
    <ClInclude Include="src\ExoEngine\Math\matrix3D.h" />
    <ClInclude Include="src\ExoEngine\Math\physics.h" />
    <ClInclude Include="src\ExoEngine\Math\Vmath.h" />
    <ClInclude Include="vendor\imgui\imconfig.h" />
    <ClInclude Include="vendor\imgui\imgui.h" />
    <ClInclude Include="vendor\imgui\imgui_impl_glfw.h" />
    <ClInclude Include="vendor\imgui\imgui_impl_opengl3.h" />
    <ClInclude Include="vendor\imgui\imgui_impl_opengl3_loader.h" />
    <ClInclude Include="vendor\imgui\imgui_internal.h" />
    <ClInclude Include="vendor\imgui\imstb_rectpack.h" />
    <ClInclude Include="vendor\imgui\imstb_textedit.h" />
    <ClInclude Include="vendor\imgui\imstb_truetype.h" />
    <ClInclude Include="src\ExoEngine\Math\Math.h" />
    <ClInclude Include="vendor\spdlog\include\spdlog\async.h" />
    <ClInclude Include="vendor\spdlog\include\spdlog\async_logger-inl.h" />
    <ClInclude Include="vendor\spdlog\include\spdlog\async_logger.h" />
    <ClInclude Include="vendor\spdlog\include\spdlog\cfg\argv.h" />
    <ClInclude Include="vendor\spdlog\include\spdlog\cfg\env.h" />
    <ClInclude Include="vendor\spdlog\include\spdlog\cfg\helpers-inl.h" />
    <ClInclude Include="vendor\spdlog\include\spdlog\cfg\helpers.h" />
    <ClInclude Include="vendor\spdlog\include\spdlog\common-inl.h" />
    <ClInclude Include="vendor\spdlog\include\spdlog\common.h" />
    <ClInclude Include="vendor\spdlog\include\spdlog\details\backtracer-inl.h" />
    <ClInclude Include="vendor\spdlog\include\spdlog\details\backtracer.h" />
    <ClInclude Include="vendor\spdlog\include\spdlog\details\circular_q.h" />
    <ClInclude Include="vendor\spdlog\include\spdlog\details\console_globals.h" />
    <ClInclude Include="vendor\spdlog\include\spdlog\details\file_helper-inl.h" />
    <ClInclude Include="vendor\spdlog\include\spdlog\details\file_helper.h" />
    <ClInclude Include="vendor\spdlog\include\spdlog\details\fmt_helper.h" />
    <ClInclude Include="vendor\spdlog\include\spdlog\details\log_msg-inl.h" />
    <ClInclude Include="vendor\spdlog\include\spdlog\details\log_msg.h" />
    <ClInclude Include="vendor\spdlog\include\spdlog\details\log_msg_buffer-inl.h" />
    <ClInclude Include="vendor\spdlog\include\spdlog\details\log_msg_buffer.h" />
    <ClInclude Include="vendor\spdlog\include\spdlog\details\mpmc_blocking_q.h" />
    <ClInclude Include="vendor\spdlog\include\spdlog\details\null_mutex.h" />
    <ClInclude Include="vendor\spdlog\include\spdlog\details\os-inl.h" />
    <ClInclude Include="vendor\spdlog\include\spdlog\details\os.h" />
    <ClInclude Include="vendor\spdlog\include\spdlog\details\periodic_worker-inl.h" />
    <ClInclude Include="vendor\spdlog\include\spdlog\details\periodic_worker.h" />
    <ClInclude Include="vendor\spdlog\include\spdlog\details\registry-inl.h" />
    <ClInclude Include="vendor\spdlog\include\spdlog\details\registry.h" />
    <ClInclude Include="vendor\spdlog\include\spdlog\details\synchronous_factory.h" />
    <ClInclude Include="vendor\spdlog\include\spdlog\details\tcp_client-windows.h" />
    <ClInclude Include="vendor\spdlog\include\spdlog\details\tcp_client.h" />
    <ClInclude Include="vendor\spdlog\include\spdlog\details\thread_pool-inl.h" />
    <ClInclude Include="vendor\spdlog\include\spdlog\details\thread_pool.h" />
    <ClInclude Include="vendor\spdlog\include\spdlog\details\udp_client-windows.h" />
    <ClInclude Include="vendor\spdlog\include\spdlog\details\udp_client.h" />
    <ClInclude Include="vendor\spdlog\include\spdlog\details\windows_include.h" />
    <ClInclude Include="vendor\spdlog\include\spdlog\fmt\bin_to_hex.h" />
    <ClInclude Include="vendor\spdlog\include\spdlog\fmt\bundled\args.h" />
    <ClInclude Include="vendor\spdlog\include\spdlog\fmt\bundled\chrono.h" />
    <ClInclude Include="vendor\spdlog\include\spdlog\fmt\bundled\color.h" />
    <ClInclude Include="vendor\spdlog\include\spdlog\fmt\bundled\compile.h" />
    <ClInclude Include="vendor\spdlog\include\spdlog\fmt\bundled\core.h" />
    <ClInclude Include="vendor\spdlog\include\spdlog\fmt\bundled\format-inl.h" />
    <ClInclude Include="vendor\spdlog\include\spdlog\fmt\bundled\format.h" />
    <ClInclude Include="vendor\spdlog\include\spdlog\fmt\bundled\locale.h" />
    <ClInclude Include="vendor\spdlog\include\spdlog\fmt\bundled\os.h" />
    <ClInclude Include="vendor\spdlog\include\spdlog\fmt\bundled\ostream.h" />
    <ClInclude Include="vendor\spdlog\include\spdlog\fmt\bundled\printf.h" />
    <ClInclude Include="vendor\spdlog\include\spdlog\fmt\bundled\ranges.h" />
    <ClInclude Include="vendor\spdlog\include\spdlog\fmt\bundled\xchar.h" />
    <ClInclude Include="vendor\spdlog\include\spdlog\fmt\chrono.h" />
    <ClInclude Include="vendor\spdlog\include\spdlog\fmt\compile.h" />
    <ClInclude Include="vendor\spdlog\include\spdlog\fmt\fmt.h" />
    <ClInclude Include="vendor\spdlog\include\spdlog\fmt\ostr.h" />
    <ClInclude Include="vendor\spdlog\include\spdlog\fmt\ranges.h" />
    <ClInclude Include="vendor\spdlog\include\spdlog\fmt\xchar.h" />
    <ClInclude Include="vendor\spdlog\include\spdlog\formatter.h" />
    <ClInclude Include="vendor\spdlog\include\spdlog\fwd.h" />
    <ClInclude Include="vendor\spdlog\include\spdlog\logger-inl.h" />
    <ClInclude Include="vendor\spdlog\include\spdlog\logger.h" />
    <ClInclude Include="vendor\spdlog\include\spdlog\pattern_formatter-inl.h" />
    <ClInclude Include="vendor\spdlog\include\spdlog\pattern_formatter.h" />
    <ClInclude Include="vendor\spdlog\include\spdlog\sinks\android_sink.h" />
    <ClInclude Include="vendor\spdlog\include\spdlog\sinks\ansicolor_sink-inl.h" />
    <ClInclude Include="vendor\spdlog\include\spdlog\sinks\ansicolor_sink.h" />
    <ClInclude Include="vendor\spdlog\include\spdlog\sinks\base_sink-inl.h" />
    <ClInclude Include="vendor\spdlog\include\spdlog\sinks\base_sink.h" />
    <ClInclude Include="vendor\spdlog\include\spdlog\sinks\basic_file_sink-inl.h" />
    <ClInclude Include="vendor\spdlog\include\spdlog\sinks\basic_file_sink.h" />
    <ClInclude Include="vendor\spdlog\include\spdlog\sinks\daily_file_sink.h" />
    <ClInclude Include="vendor\spdlog\include\spdlog\sinks\dist_sink.h" />
    <ClInclude Include="vendor\spdlog\include\spdlog\sinks\dup_filter_sink.h" />
    <ClInclude Include="vendor\spdlog\include\spdlog\sinks\hourly_file_sink.h" />
    <ClInclude Include="vendor\spdlog\include\spdlog\sinks\mongo_sink.h" />
    <ClInclude Include="vendor\spdlog\include\spdlog\sinks\msvc_sink.h" />
    <ClInclude Include="vendor\spdlog\include\spdlog\sinks\null_sink.h" />
    <ClInclude Include="vendor\spdlog\include\spdlog\sinks\ostream_sink.h" />
    <ClInclude Include="vendor\spdlog\include\spdlog\sinks\qt_sinks.h" />
    <ClInclude Include="vendor\spdlog\include\spdlog\sinks\ringbuffer_sink.h" />
    <ClInclude Include="vendor\spdlog\include\spdlog\sinks\rotating_file_sink-inl.h" />
    <ClInclude Include="vendor\spdlog\include\spdlog\sinks\rotating_file_sink.h" />
    <ClInclude Include="vendor\spdlog\include\spdlog\sinks\sink-inl.h" />
    <ClInclude Include="vendor\spdlog\include\spdlog\sinks\sink.h" />
    <ClInclude Include="vendor\spdlog\include\spdlog\sinks\stdout_color_sinks-inl.h" />
    <ClInclude Include="vendor\spdlog\include\spdlog\sinks\stdout_color_sinks.h" />
    <ClInclude Include="vendor\spdlog\include\spdlog\sinks\stdout_sinks-inl.h" />
    <ClInclude Include="vendor\spdlog\include\spdlog\sinks\stdout_sinks.h" />
    <ClInclude Include="vendor\spdlog\include\spdlog\sinks\syslog_sink.h" />
    <ClInclude Include="vendor\spdlog\include\spdlog\sinks\systemd_sink.h" />
    <ClInclude Include="vendor\spdlog\include\spdlog\sinks\tcp_sink.h" />
    <ClInclude Include="vendor\spdlog\include\spdlog\sinks\udp_sink.h" />
    <ClInclude Include="vendor\spdlog\include\spdlog\sinks\wincolor_sink-inl.h" />
    <ClInclude Include="vendor\spdlog\include\spdlog\sinks\wincolor_sink.h" />
    <ClInclude Include="vendor\spdlog\include\spdlog\sinks\win_eventlog_sink.h" />
    <ClInclude Include="vendor\spdlog\include\spdlog\spdlog-inl.h" />
    <ClInclude Include="vendor\spdlog\include\spdlog\spdlog.h" />
    <ClInclude Include="vendor\spdlog\include\spdlog\stopwatch.h" />
    <ClInclude Include="vendor\spdlog\include\spdlog\tweakme.h" />
    <ClInclude Include="vendor\spdlog\include\spdlog\version.h" />
    <ClInclude Include="src\ExoEngine\ECS\Components\Components.h" />
    <ClInclude Include="src\ExoEngine\ECS\Types.h" />
    <ClInclude Include="src\ExoEngine\ECS\EntityManager.h" />
    <ClInclude Include="src\ExoEngine\ECS\ComponentManager.h" />
    <ClInclude Include="src\ExoEngine\ECS\ComponentArray.h" />
    <ClInclude Include="src\ExoEngine\ResourceManager\ResourceManager.h" />
    <ClInclude Include="src\ExoEngine\Timer\Time.h" />
    <ClInclude Include="src\Platform\Graphics\Renderer.h" />
    <ClInclude Include="src\Platform\Graphics\VertexArray.h" />
    <ClInclude Include="src\Platform\Graphics\Buffer.h" />
    <ClInclude Include="src\Platform\Graphics\Camera2D.h" />
    <ClInclude Include="src\ExoEngine\Timer\Fps.h" />
    <ClInclude Include="src\ExoEngine\ECS\ECS.h" />
    <ClInclude Include="src\Platform\Graphics\TextRendering.h" />
    <ClInclude Include="src\Platform\Graphics\FrameBuffer.h" />
    <ClInclude Include="src\Platform\Physics\CollisionSystem.h" />
    <ClInclude Include="src\Platform\Physics\PhysicsSystem.h" />
    <ClInclude Include="src\ExoEngine\ECS\SceneManager.h" />
    <ClInclude Include="src\ExoEngine\Math\matrix4x4.h" />
    <ClInclude Include="src\ExoEngine\Math\Vec3.h" />
    <ClInclude Include="src\ExoEngine\ECS\Components\IComponent.h" />
    <ClInclude Include="src\Platform\Logic\LogicSystem.h" />
    <ClInclude Include="src\ExoEngine\Audio\AudioEngine.h" />
    <ClInclude Include="src\Platform\Graphics\SpriteRendering.h" />
    <ClInclude Include="src\ExoEngine\ECS\Components\Transform.h" />
    <ClInclude Include="src\ExoEngine\ECS\Components\RigidBody.h" />
    <ClInclude Include="src\ExoEngine\ECS\Components\WinData.h" />
    <ClInclude Include="src\ExoEngine\ECS\Components\Collider.h" />
    <ClInclude Include="src\ExoEngine\ECS\Components\NameTag.h" />
    <ClInclude Include="src\ExoEngine\ECS\Components\Logic.h" />
    <ClInclude Include="src\ExoEngine\Scripts\IScript.h" />
    <ClInclude Include="src\ExoEngine\ECS\Components\Sprite.h" />
    <ClInclude Include="src\ExoEngine\Math\RigidBody.h" />
    <ClInclude Include="src\ExoEngine\Math\transformation.h" />
    <ClInclude Include="src\ExoEngine\ECS\Components\Tag.h" />
    <ClInclude Include="vendor\imgui\ImGuizmo.h" />
    <ClInclude Include="src\ExoEngine\GUI\GUI.h" />
    <ClInclude Include="src\ExoEngine\ECS\Components\Audio.h" />
    <ClInclude Include="src\ExoEngine\Scripts\CollisionResponse.h" />
    <ClInclude Include="src\ExoEngine\Animation\Animation.h" />
    <ClInclude Include="src\Platform\Graphics\Camera.h" />
    <ClInclude Include="src\ExoEngine\ECS\Components\CameraComponent.h" />
    <ClInclude Include="src\Platform\LevelEditor\Picker.h" />
    <ClInclude Include="src\ExoEngine\Math\Vec4.h" />
    <ClInclude Include="src\ExoEngine\ECS\Components\HUDComponent.h" />
    <ClInclude Include="src\ExoEngine\Scripts\HUDController.h" />
    <ClInclude Include="src\ExoEngine\Scripts\ScenerioScript.h" />
    <ClInclude Include="src\ExoEngine\Scripts\ButtonResponse.h" />
    <ClInclude Include="src\ExoEngine\Scripts\AudioManager.h" />
    <ClInclude Include="src\Platform\Logic\StateMachines\StateMachine.h" />
    <ClInclude Include="src\ExoEngine\Scripts\PlayerControl.h" />
    <ClInclude Include="src\Platform\Logic\States\IStates.h" />
    <ClInclude Include="src\Platform\Logic\States\PlayerStates\OnIdle.h" />
    <ClInclude Include="src\Platform\Logic\States\PlayerStates\OnMove.h" />
    <ClInclude Include="src\Platform\Logic\States\PlayerStates\OnAttack_1.h" />
    <ClInclude Include="src\ExoEngine\ECS\Components\PlayerAttributes.h" />
    <ClInclude Include="src\Platform\Logic\States\PlayerStates\OnDash.h" />
    <ClInclude Include="src\Platform\Logic\States\PlayerStates\OnBlock.h" />
    <ClInclude Include="src\Platform\Logic\States\PlayerStates\OnDamaged.h" />
    <ClInclude Include="src\Platform\Logic\States\PlayerStates\OnDieded.h" />
    <ClInclude Include="src\Platform\Logic\States\PlayerStates\OnAttack_2.h" />
    <ClInclude Include="src\ExoEngine\Scripts\DialogueManager.h" />
    <ClInclude Include="src\ExoEngine\Scripts\GateController.h" />
    <ClInclude Include="src\ExoEngine\Scripts\LaserTurret.h" />
    <ClInclude Include="src\Platform\Logic\States\EnemyStates\EnemyAttack.h" />
    <ClInclude Include="src\Platform\Logic\States\EnemyStates\EnemyChase.h" />
    <ClInclude Include="src\Platform\Logic\States\EnemyStates\EnemyDeath.h" />
    <ClInclude Include="src\Platform\Logic\States\EnemyStates\EnemyIdle.h" />
    <ClInclude Include="src\ExoEngine\Scripts\EnemyScript.h" />
    <ClInclude Include="src\ExoEngine\ECS\Components\EnemyAttributes.h" />
    <ClInclude Include="src\ExoEngine\ECS\Components\Attributes.h" />
    <ClInclude Include="src\Platform\Logic\States\EnemyStates\EnemyNotActive.h" />
    <ClInclude Include="src\Platform\Logic\States\EnemyStates\EnemyDamaged.h" />
    <ClInclude Include="src\Platform\Logic\States\EnemyStates\EnemyTransition.h" />
    <ClInclude Include="src\Platform\Logic\States\EnemyStates\EnemyRetreat.h" />
  </ItemGroup>
  <ItemGroup>
    <ClInclude Include="src\Serialization\JSONincludes.h" />
    <ClInclude Include="src\Serialization\JSONserialization.h" />
    <ClInclude Include="src\Platform\System\SystemManager.h" />
    <ClInclude Include="src\Platform\Graphics\Texture.h" />
    <ClInclude Include="vendor\stb_image\stb_image.h" />
    <ClInclude Include="vendor\imgui\imconfig.h" />
    <ClInclude Include="vendor\imgui\imgui.h" />
    <ClInclude Include="vendor\imgui\imgui_impl_glfw.h" />
    <ClInclude Include="vendor\imgui\imgui_impl_opengl3.h" />
    <ClInclude Include="vendor\imgui\imgui_impl_opengl3_loader.h" />
    <ClInclude Include="vendor\imgui\imgui_internal.h" />
    <ClInclude Include="vendor\imgui\imstb_rectpack.h" />
    <ClInclude Include="vendor\imgui\imstb_textedit.h" />
    <ClInclude Include="vendor\imgui\imstb_truetype.h" />
    <ClInclude Include="src\Platform\LevelEditor\LevelEditor.h" />
  </ItemGroup>
  <ItemGroup>
    <Library Include="vendor\freetype\libs\freetype.lib" />
  </ItemGroup>
</Project>